
Microsoft Visual Studio Solution File, Format Version 12.00
# Visual Studio 15
VisualStudioVersion = 15.0.27703.2042
MinimumVisualStudioVersion = 10.0.40219.1
Project("{FAE04EC0-301F-11D3-BF4B-00C04F79EFBC}") = "DMaes.Exemplos.Autenticacao.Jwt.Identity", "DMaes.Exemplos.Autenticacao.Jwt.Identity\DMaes.Exemplos.Autenticacao.Jwt.Identity.csproj", "{54073A7A-2336-4B39-85CC-D69A498180C4}"
EndProject
Global
	GlobalSection(SolutionConfigurationPlatforms) = preSolution
		Debug|Any CPU = Debug|Any CPU
		Release|Any CPU = Release|Any CPU
	EndGlobalSection
	GlobalSection(ProjectConfigurationPlatforms) = postSolution
		{54073A7A-2336-4B39-85CC-D69A498180C4}.Debug|Any CPU.ActiveCfg = Debug|Any CPU
		{54073A7A-2336-4B39-85CC-D69A498180C4}.Debug|Any CPU.Build.0 = Debug|Any CPU
		{54073A7A-2336-4B39-85CC-D69A498180C4}.Release|Any CPU.ActiveCfg = Release|Any CPU
		{54073A7A-2336-4B39-85CC-D69A498180C4}.Release|Any CPU.Build.0 = Release|Any CPU
	EndGlobalSection
	GlobalSection(SolutionProperties) = preSolution
		HideSolutionNode = FALSE
	EndGlobalSection
	GlobalSection(ExtensibilityGlobals) = postSolution
		SolutionGuid = {E53D75A6-9EBC-43B1-93AF-000C271B30B5}
	EndGlobalSection
EndGlobal
